# This file is generated by running "yarn install" inside your project.
# Manual changes might be lost - proceed with caution!

__metadata:
  version: 8
  cacheKey: 10c0

"left-pad@npm:1.0.0":
  version: 1.0.0
  resolution: "left-pad@npm:1.0.0"
  checksum: 10c0/44d283c5aab7803fc09e86bf13dcc489eb1351fe56be0d9e9aa2120c890f149eb6bd93f9fac99943fa0c19ee372c8c534963254aaa1f5858dc4e7eadea1b41a8
  languageName: node
  linkType: hard

"yrnprxy@workspace:.":
  version: 0.0.0-use.local
  resolution: "yrnprxy@workspace:."
  dependencies:
    left-pad: "npm:1.0.0"
  languageName: unknown
  linkType: soft
